// !$*UTF8*$!
{
	archiveVersion = 1;
	classes = {
	};
	objectVersion = 46;
	objects = {

/* Begin PBXBuildFile section */
		79E15B271B2751E500A3C581 /* AppDelegate.swift in Sources */ = {isa = PBXBuildFile; fileRef = 79E15B261B2751E500A3C581 /* AppDelegate.swift */; };
		79E15B291B2751E500A3C581 /* ViewController.swift in Sources */ = {isa = PBXBuildFile; fileRef = 79E15B281B2751E500A3C581 /* ViewController.swift */; };
		79E15B2C1B2751E500A3C581 /* Main.storyboard in Resources */ = {isa = PBXBuildFile; fileRef = 79E15B2A1B2751E500A3C581 /* Main.storyboard */; };
		79E15B2E1B2751E500A3C581 /* Images.xcassets in Resources */ = {isa = PBXBuildFile; fileRef = 79E15B2D1B2751E500A3C581 /* Images.xcassets */; };
		79E15B311B2751E500A3C581 /* LaunchScreen.xib in Resources */ = {isa = PBXBuildFile; fileRef = 79E15B2F1B2751E500A3C581 /* LaunchScreen.xib */; };
		79E15B3D1B2751E500A3C581 /* ClientAppTests.swift in Sources */ = {isa = PBXBuildFile; fileRef = 79E15B3C1B2751E500A3C581 /* ClientAppTests.swift */; };
		79E15B6C1B2752DD00A3C581 /* FBFramework.framework in Frameworks */ = {isa = PBXBuildFile; fileRef = 79E15B6B1B2752DD00A3C581 /* FBFramework.framework */; };
		79E15B6D1B2752DD00A3C581 /* FBFramework.framework in Embed Frameworks */ = {isa = PBXBuildFile; fileRef = 79E15B6B1B2752DD00A3C581 /* FBFramework.framework */; settings = {ATTRIBUTES = (CodeSignOnCopy, RemoveHeadersOnCopy, ); }; };
		79E15B721B27532000A3C581 /* Bolts.framework in Frameworks */ = {isa = PBXBuildFile; fileRef = 79E15B6F1B27532000A3C581 /* Bolts.framework */; };
		79E15B731B27532000A3C581 /* FBSDKCoreKit.framework in Frameworks */ = {isa = PBXBuildFile; fileRef = 79E15B701B27532000A3C581 /* FBSDKCoreKit.framework */; };
		79E15B741B27532000A3C581 /* FBSDKLoginKit.framework in Frameworks */ = {isa = PBXBuildFile; fileRef = 79E15B711B27532000A3C581 /* FBSDKLoginKit.framework */; };
/* End PBXBuildFile section */

/* Begin PBXContainerItemProxy section */
		79E15B371B2751E500A3C581 /* PBXContainerItemProxy */ = {
			isa = PBXContainerItemProxy;
			containerPortal = 79E15B191B2751E500A3C581 /* Project object */;
			proxyType = 1;
			remoteGlobalIDString = 79E15B201B2751E500A3C581;
			remoteInfo = ClientApp;
		};
/* End PBXContainerItemProxy section */

/* Begin PBXCopyFilesBuildPhase section */
		79E15B6E1B2752DD00A3C581 /* Embed Frameworks */ = {
			isa = PBXCopyFilesBuildPhase;
			buildActionMask = 2147483647;
			dstPath = "";
			dstSubfolderSpec = 10;
			files = (
				79E15B6D1B2752DD00A3C581 /* FBFramework.framework in Embed Frameworks */,
			);
			name = "Embed Frameworks";
			runOnlyForDeploymentPostprocessing = 0;
		};
/* End PBXCopyFilesBuildPhase section */

/* Begin PBXFileReference section */
		79E15B211B2751E500A3C581 /* ClientApp.app */ = {isa = PBXFileReference; explicitFileType = wrapper.application; includeInIndex = 0; path = ClientApp.app; sourceTree = BUILT_PRODUCTS_DIR; };
		79E15B251B2751E500A3C581 /* Info.plist */ = {isa = PBXFileReference; lastKnownFileType = text.plist.xml; path = Info.plist; sourceTree = "<group>"; };
		79E15B261B2751E500A3C581 /* AppDelegate.swift */ = {isa = PBXFileReference; lastKnownFileType = sourcecode.swift; path = AppDelegate.swift; sourceTree = "<group>"; };
		79E15B281B2751E500A3C581 /* ViewController.swift */ = {isa = PBXFileReference; lastKnownFileType = sourcecode.swift; path = ViewController.swift; sourceTree = "<group>"; };
		79E15B2B1B2751E500A3C581 /* Base */ = {isa = PBXFileReference; lastKnownFileType = file.storyboard; name = Base; path = Base.lproj/Main.storyboard; sourceTree = "<group>"; };
		79E15B2D1B2751E500A3C581 /* Images.xcassets */ = {isa = PBXFileReference; lastKnownFileType = folder.assetcatalog; path = Images.xcassets; sourceTree = "<group>"; };
		79E15B301B2751E500A3C581 /* Base */ = {isa = PBXFileReference; lastKnownFileType = file.xib; name = Base; path = Base.lproj/LaunchScreen.xib; sourceTree = "<group>"; };
		79E15B361B2751E500A3C581 /* ClientAppTests.xctest */ = {isa = PBXFileReference; explicitFileType = wrapper.cfbundle; includeInIndex = 0; path = ClientAppTests.xctest; sourceTree = BUILT_PRODUCTS_DIR; };
		79E15B3B1B2751E500A3C581 /* Info.plist */ = {isa = PBXFileReference; lastKnownFileType = text.plist.xml; path = Info.plist; sourceTree = "<group>"; };
		79E15B3C1B2751E500A3C581 /* ClientAppTests.swift */ = {isa = PBXFileReference; lastKnownFileType = sourcecode.swift; path = ClientAppTests.swift; sourceTree = "<group>"; };
		79E15B6B1B2752DD00A3C581 /* FBFramework.framework */ = {isa = PBXFileReference; lastKnownFileType = wrapper.framework; name = FBFramework.framework; path = ../FBFramework.framework; sourceTree = "<group>"; };
		79E15B6F1B27532000A3C581 /* Bolts.framework */ = {isa = PBXFileReference; lastKnownFileType = wrapper.framework; name = Bolts.framework; path = ../../../Documents/FacebookSDK/Bolts.framework; sourceTree = "<group>"; };
		79E15B701B27532000A3C581 /* FBSDKCoreKit.framework */ = {isa = PBXFileReference; lastKnownFileType = wrapper.framework; name = FBSDKCoreKit.framework; path = ../../../Documents/FacebookSDK/FBSDKCoreKit.framework; sourceTree = "<group>"; };
		79E15B711B27532000A3C581 /* FBSDKLoginKit.framework */ = {isa = PBXFileReference; lastKnownFileType = wrapper.framework; name = FBSDKLoginKit.framework; path = ../../../Documents/FacebookSDK/FBSDKLoginKit.framework; sourceTree = "<group>"; };
/* End PBXFileReference section */

/* Begin PBXFrameworksBuildPhase section */
		79E15B1E1B2751E500A3C581 /* Frameworks */ = {
			isa = PBXFrameworksBuildPhase;
			buildActionMask = 2147483647;
			files = (
				79E15B6C1B2752DD00A3C581 /* FBFramework.framework in Frameworks */,
				79E15B721B27532000A3C581 /* Bolts.framework in Frameworks */,
				79E15B731B27532000A3C581 /* FBSDKCoreKit.framework in Frameworks */,
				79E15B741B27532000A3C581 /* FBSDKLoginKit.framework in Frameworks */,
			);
			runOnlyForDeploymentPostprocessing = 0;
		};
		79E15B331B2751E500A3C581 /* Frameworks */ = {
			isa = PBXFrameworksBuildPhase;
			buildActionMask = 2147483647;
			files = (
			);
			runOnlyForDeploymentPostprocessing = 0;
		};
/* End PBXFrameworksBuildPhase section */

/* Begin PBXGroup section */
		79E15B181B2751E500A3C581 = {
			isa = PBXGroup;
			children = (
				79E15B6F1B27532000A3C581 /* Bolts.framework */,
				79E15B701B27532000A3C581 /* FBSDKCoreKit.framework */,
				79E15B711B27532000A3C581 /* FBSDKLoginKit.framework */,
				79E15B6B1B2752DD00A3C581 /* FBFramework.framework */,
				79E15B231B2751E500A3C581 /* ClientApp */,
				79E15B391B2751E500A3C581 /* ClientAppTests */,
				79E15B221B2751E500A3C581 /* Products */,
			);
			sourceTree = "<group>";
		};
		79E15B221B2751E500A3C581 /* Products */ = {
			isa = PBXGroup;
			children = (
				79E15B211B2751E500A3C581 /* ClientApp.app */,
				79E15B361B2751E500A3C581 /* ClientAppTests.xctest */,
			);
			name = Products;
			sourceTree = "<group>";
		};
		79E15B231B2751E500A3C581 /* ClientApp */ = {
			isa = PBXGroup;
			children = (
				79E15B261B2751E500A3C581 /* AppDelegate.swift */,
				79E15B281B2751E500A3C581 /* ViewController.swift */,
				79E15B2A1B2751E500A3C581 /* Main.storyboard */,
				79E15B2D1B2751E500A3C581 /* Images.xcassets */,
				79E15B2F1B2751E500A3C581 /* LaunchScreen.xib */,
				79E15B241B2751E500A3C581 /* Supporting Files */,
			);
			path = ClientApp;
			sourceTree = "<group>";
		};
		79E15B241B2751E500A3C581 /* Supporting Files */ = {
			isa = PBXGroup;
			children = (
				79E15B251B2751E500A3C581 /* Info.plist */,
			);
			name = "Supporting Files";
			sourceTree = "<group>";
		};
		79E15B391B2751E500A3C581 /* ClientAppTests */ = {
			isa = PBXGroup;
			children = (
				79E15B3C1B2751E500A3C581 /* ClientAppTests.swift */,
				79E15B3A1B2751E500A3C581 /* Supporting Files */,
			);
			path = ClientAppTests;
			sourceTree = "<group>";
		};
		79E15B3A1B2751E500A3C581 /* Supporting Files */ = {
			isa = PBXGroup;
			children = (
				79E15B3B1B2751E500A3C581 /* Info.plist */,
			);
			name = "Supporting Files";
			sourceTree = "<group>";
		};
/* End PBXGroup section */

/* Begin PBXNativeTarget section */
		79E15B201B2751E500A3C581 /* ClientApp */ = {
			isa = PBXNativeTarget;
			buildConfigurationList = 79E15B401B2751E500A3C581 /* Build configuration list for PBXNativeTarget "ClientApp" */;
			buildPhases = (
				79E15B1D1B2751E500A3C581 /* Sources */,
				79E15B1E1B2751E500A3C581 /* Frameworks */,
				79E15B1F1B2751E500A3C581 /* Resources */,
				79E15B6E1B2752DD00A3C581 /* Embed Frameworks */,
			);
			buildRules = (
			);
			dependencies = (
			);
			name = ClientApp;
			productName = ClientApp;
			productReference = 79E15B211B2751E500A3C581 /* ClientApp.app */;
			productType = "com.apple.product-type.application";
		};
		79E15B351B2751E500A3C581 /* ClientAppTests */ = {
			isa = PBXNativeTarget;
			buildConfigurationList = 79E15B431B2751E500A3C581 /* Build configuration list for PBXNativeTarget "ClientAppTests" */;
			buildPhases = (
				79E15B321B2751E500A3C581 /* Sources */,
				79E15B331B2751E500A3C581 /* Frameworks */,
				79E15B341B2751E500A3C581 /* Resources */,
			);
			buildRules = (
			);
			dependencies = (
				79E15B381B2751E500A3C581 /* PBXTargetDependency */,
			);
			name = ClientAppTests;
			productName = ClientAppTests;
			productReference = 79E15B361B2751E500A3C581 /* ClientAppTests.xctest */;
			productType = "com.apple.product-type.bundle.unit-test";
		};
/* End PBXNativeTarget section */

/* Begin PBXProject section */
		79E15B191B2751E500A3C581 /* Project object */ = {
			isa = PBXProject;
			attributes = {
				LastUpgradeCheck = 0630;
				ORGANIZATIONNAME = Stupeflix;
				TargetAttributes = {
					79E15B201B2751E500A3C581 = {
						CreatedOnToolsVersion = 6.3.2;
					};
					79E15B351B2751E500A3C581 = {
						CreatedOnToolsVersion = 6.3.2;
						TestTargetID = 79E15B201B2751E500A3C581;
					};
				};
			};
			buildConfigurationList = 79E15B1C1B2751E500A3C581 /* Build configuration list for PBXProject "ClientApp" */;
			compatibilityVersion = "Xcode 3.2";
			developmentRegion = English;
			hasScannedForEncodings = 0;
			knownRegions = (
				en,
				Base,
			);
			mainGroup = 79E15B181B2751E500A3C581;
			productRefGroup = 79E15B221B2751E500A3C581 /* Products */;
			projectDirPath = "";
			projectRoot = "";
			targets = (
				79E15B201B2751E500A3C581 /* ClientApp */,
				79E15B351B2751E500A3C581 /* ClientAppTests */,
			);
		};
/* End PBXProject section */

/* Begin PBXResourcesBuildPhase section */
		79E15B1F1B2751E500A3C581 /* Resources */ = {
			isa = PBXResourcesBuildPhase;
			buildActionMask = 2147483647;
			files = (
				79E15B2C1B2751E500A3C581 /* Main.storyboard in Resources */,
				79E15B311B2751E500A3C581 /* LaunchScreen.xib in Resources */,
				79E15B2E1B2751E500A3C581 /* Images.xcassets in Resources */,
			);
			runOnlyForDeploymentPostprocessing = 0;
		};
		79E15B341B2751E500A3C581 /* Resources */ = {
			isa = PBXResourcesBuildPhase;
			buildActionMask = 2147483647;
			files = (
			);
			runOnlyForDeploymentPostprocessing = 0;
		};
/* End PBXResourcesBuildPhase section */

/* Begin PBXSourcesBuildPhase section */
		79E15B1D1B2751E500A3C581 /* Sources */ = {
			isa = PBXSourcesBuildPhase;
			buildActionMask = 2147483647;
			files = (
				79E15B291B2751E500A3C581 /* ViewController.swift in Sources */,
				79E15B271B2751E500A3C581 /* AppDelegate.swift in Sources */,
			);
			runOnlyForDeploymentPostprocessing = 0;
		};
		79E15B321B2751E500A3C581 /* Sources */ = {
			isa = PBXSourcesBuildPhase;
			buildActionMask = 2147483647;
			files = (
				79E15B3D1B2751E500A3C581 /* ClientAppTests.swift in Sources */,
			);
			runOnlyForDeploymentPostprocessing = 0;
		};
/* End PBXSourcesBuildPhase section */

/* Begin PBXTargetDependency section */
		79E15B381B2751E500A3C581 /* PBXTargetDependency */ = {
			isa = PBXTargetDependency;
			target = 79E15B201B2751E500A3C581 /* ClientApp */;
			targetProxy = 79E15B371B2751E500A3C581 /* PBXContainerItemProxy */;
		};
/* End PBXTargetDependency section */

/* Begin PBXVariantGroup section */
		79E15B2A1B2751E500A3C581 /* Main.storyboard */ = {
			isa = PBXVariantGroup;
			children = (
				79E15B2B1B2751E500A3C581 /* Base */,
			);
			name = Main.storyboard;
			sourceTree = "<group>";
		};
		79E15B2F1B2751E500A3C581 /* LaunchScreen.xib */ = {
			isa = PBXVariantGroup;
			children = (
				79E15B301B2751E500A3C581 /* Base */,
			);
			name = LaunchScreen.xib;
			sourceTree = "<group>";
		};
/* End PBXVariantGroup section */

/* Begin XCBuildConfiguration section */
		79E15B3E1B2751E500A3C581 /* Debug */ = {
			isa = XCBuildConfiguration;
			buildSettings = {
				ALWAYS_SEARCH_USER_PATHS = NO;
				CLANG_CXX_LANGUAGE_STANDARD = "gnu++0x";
				CLANG_CXX_LIBRARY = "libc++";
				CLANG_ENABLE_MODULES = YES;
				CLANG_ENABLE_OBJC_ARC = YES;
				CLANG_WARN_BOOL_CONVERSION = YES;
				CLANG_WARN_CONSTANT_CONVERSION = YES;
				CLANG_WARN_DIRECT_OBJC_ISA_USAGE = YES_ERROR;
				CLANG_WARN_EMPTY_BODY = YES;
				CLANG_WARN_ENUM_CONVERSION = YES;
				CLANG_WARN_INT_CONVERSION = YES;
				CLANG_WARN_OBJC_ROOT_CLASS = YES_ERROR;
				CLANG_WARN_UNREACHABLE_CODE = YES;
				CLANG_WARN__DUPLICATE_METHOD_MATCH = YES;
				"CODE_SIGN_IDENTITY[sdk=iphoneos*]" = "iPhone Developer";
				COPY_PHASE_STRIP = NO;
				DEBUG_INFORMATION_FORMAT = "dwarf-with-dsym";
				ENABLE_STRICT_OBJC_MSGSEND = YES;
				GCC_C_LANGUAGE_STANDARD = gnu99;
				GCC_DYNAMIC_NO_PIC = NO;
				GCC_NO_COMMON_BLOCKS = YES;
				GCC_OPTIMIZATION_LEVEL = 0;
				GCC_PREPROCESSOR_DEFINITIONS = (
					"DEBUG=1",
					"$(inherited)",
				);
				GCC_SYMBOLS_PRIVATE_EXTERN = NO;
				GCC_WARN_64_TO_32_BIT_CONVERSION = YES;
				GCC_WARN_ABOUT_RETURN_TYPE = YES_ERROR;
				GCC_WARN_UNDECLARED_SELECTOR = YES;
				GCC_WARN_UNINITIALIZED_AUTOS = YES_AGGRESSIVE;
				GCC_WARN_UNUSED_FUNCTION = YES;
				GCC_WARN_UNUSED_VARIABLE = YES;
				IPHONEOS_DEPLOYMENT_TARGET = 8.3;
				MTL_ENABLE_DEBUG_INFO = YES;
				ONLY_ACTIVE_ARCH = YES;
				SDKROOT = iphoneos;
				SWIFT_OPTIMIZATION_LEVEL = "-Onone";
			};
			name = Debug;
		};
		79E15B3F1B2751E500A3C581 /* Release */ = {
			isa = XCBuildConfiguration;
			buildSettings = {
				ALWAYS_SEARCH_USER_PATHS = NO;
				CLANG_CXX_LANGUAGE_STANDARD = "gnu++0x";
				CLANG_CXX_LIBRARY = "libc++";
				CLANG_ENABLE_MODULES = YES;
				CLANG_ENABLE_OBJC_ARC = YES;
				CLANG_WARN_BOOL_CONVERSION = YES;
				CLANG_WARN_CONSTANT_CONVERSION = YES;
				CLANG_WARN_DIRECT_OBJC_ISA_USAGE = YES_ERROR;
				CLANG_WARN_EMPTY_BODY = YES;
				CLANG_WARN_ENUM_CONVERSION = YES;
				CLANG_WARN_INT_CONVERSION = YES;
				CLANG_WARN_OBJC_ROOT_CLASS = YES_ERROR;
				CLANG_WARN_UNREACHABLE_CODE = YES;
				CLANG_WARN__DUPLICATE_METHOD_MATCH = YES;
				"CODE_SIGN_IDENTITY[sdk=iphoneos*]" = "iPhone Developer";
				COPY_PHASE_STRIP = NO;
				DEBUG_INFORMATION_FORMAT = "dwarf-with-dsym";
				ENABLE_NS_ASSERTIONS = NO;
				ENABLE_STRICT_OBJC_MSGSEND = YES;
				GCC_C_LANGUAGE_STANDARD = gnu99;
				GCC_NO_COMMON_BLOCKS = YES;
				GCC_WARN_64_TO_32_BIT_CONVERSION = YES;
				GCC_WARN_ABOUT_RETURN_TYPE = YES_ERROR;
				GCC_WARN_UNDECLARED_SELECTOR = YES;
				GCC_WARN_UNINITIALIZED_AUTOS = YES_AGGRESSIVE;
				GCC_WARN_UNUSED_FUNCTION = YES;
				GCC_WARN_UNUSED_VARIABLE = YES;
				IPHONEOS_DEPLOYMENT_TARGET = 8.3;
				MTL_ENABLE_DEBUG_INFO = NO;
				SDKROOT = iphoneos;
				VALIDATE_PRODUCT = YES;
			};
			name = Release;
		};
		79E15B411B2751E500A3C581 /* Debug */ = {
			isa = XCBuildConfiguration;
			buildSettings = {
				ASSETCATALOG_COMPILER_APPICON_NAME = AppIcon;
				FRAMEWORK_SEARCH_PATHS = (
					"$(inherited)",
					..,
					"~/Documents/FacebookSDK",
				);
				INFOPLIST_FILE = ClientApp/Info.plist;
				LD_RUNPATH_SEARCH_PATHS = "$(inherited) @executable_path/Frameworks";
				PRODUCT_NAME = "$(TARGET_NAME)";
			};
			name = Debug;
		};
		79E15B421B2751E500A3C581 /* Release */ = {
			isa = XCBuildConfiguration;
			buildSettings = {
				ASSETCATALOG_COMPILER_APPICON_NAME = AppIcon;
				FRAMEWORK_SEARCH_PATHS = (
					"$(inherited)",
					..,
					"~/Documents/FacebookSDK",
				);
				INFOPLIST_FILE = ClientApp/Info.plist;
				LD_RUNPATH_SEARCH_PATHS = "$(inherited) @executable_path/Frameworks";
				PRODUCT_NAME = "$(TARGET_NAME)";
			};
			name = Release;
		};
		79E15B441B2751E500A3C581 /* Debug */ = {
			isa = XCBuildConfiguration;
			buildSettings = {
				BUNDLE_LOADER = "$(TEST_HOST)";
				FRAMEWORK_SEARCH_PATHS = (
					"$(SDKROOT)/Developer/Library/Frameworks",
					"$(inherited)",
				);
				GCC_PREPROCESSOR_DEFINITIONS = (
					"DEBUG=1",
					"$(inherited)",
				);
				INFOPLIST_FILE = ClientAppTests/Info.plist;
				LD_RUNPATH_SEARCH_PATHS = "$(inherited) @executable_path/Frameworks @loader_path/Frameworks";
				PRODUCT_NAME = "$(TARGET_NAME)";
				TEST_HOST = "$(BUILT_PRODUCTS_DIR)/ClientApp.app/ClientApp";
			};
			name = Debug;
		};
		79E15B451B2751E500A3C581 /* Release */ = {
			isa = XCBuildConfiguration;
			buildSettings = {
				BUNDLE_LOADER = "$(TEST_HOST)";
				FRAMEWORK_SEARCH_PATHS = (
					"$(SDKROOT)/Developer/Library/Frameworks",
					"$(inherited)",
				);
				INFOPLIST_FILE = ClientAppTests/Info.plist;
				LD_RUNPATH_SEARCH_PATHS = "$(inherited) @executable_path/Frameworks @loader_path/Frameworks";
				PRODUCT_NAME = "$(TARGET_NAME)";
				TEST_HOST = "$(BUILT_PRODUCTS_DIR)/ClientApp.app/ClientApp";
			};
			name = Release;
		};
/* End XCBuildConfiguration section */

/* Begin XCConfigurationList section */
		79E15B1C1B2751E500A3C581 /* Build configuration list for PBXProject "ClientApp" */ = {
			isa = XCConfigurationList;
			buildConfigurations = (
				79E15B3E1B2751E500A3C581 /* Debug */,
				79E15B3F1B2751E500A3C581 /* Release */,
			);
			defaultConfigurationIsVisible = 0;
			defaultConfigurationName = Release;
		};
		79E15B401B2751E500A3C581 /* Build configuration list for PBXNativeTarget "ClientApp" */ = {
			isa = XCConfigurationList;
			buildConfigurations = (
				79E15B411B2751E500A3C581 /* Debug */,
				79E15B421B2751E500A3C581 /* Release */,
			);
			defaultConfigurationIsVisible = 0;
			defaultConfigurationName = Release;
		};
		79E15B431B2751E500A3C581 /* Build configuration list for PBXNativeTarget "ClientAppTests" */ = {
			isa = XCConfigurationList;
			buildConfigurations = (
				79E15B441B2751E500A3C581 /* Debug */,
				79E15B451B2751E500A3C581 /* Release */,
			);
			defaultConfigurationIsVisible = 0;
			defaultConfigurationName = Release;
		};
/* End XCConfigurationList section */
	};
	rootObject = 79E15B191B2751E500A3C581 /* Project object */;
}
